
Microsoft Visual Studio Solution File, Format Version 12.00
# Visual Studio Version 17
VisualStudioVersion = 17.14.36202.13
MinimumVisualStudioVersion = 10.0.40219.1
Project("{FAE04EC0-301F-11D3-BF4B-00C04F79EFBC}") = "Chapter02", "Chapter02\Chapter02.csproj", "{C2325788-7E02-443A-8FB4-B26D1FCBE6BE}"
EndProject
Project("{FAE04EC0-301F-11D3-BF4B-00C04F79EFBC}") = "Chapter03", "Chapter03\Chapter03.csproj", "{535C4365-FA76-4487-A340-9418BFF97BF5}"
EndProject
Global
	GlobalSection(SolutionConfigurationPlatforms) = preSolution
		Debug|Any CPU = Debug|Any CPU
		Release|Any CPU = Release|Any CPU
	EndGlobalSection
	GlobalSection(ProjectConfigurationPlatforms) = postSolution
		{C2325788-7E02-443A-8FB4-B26D1FCBE6BE}.Debug|Any CPU.ActiveCfg = Debug|Any CPU
		{C2325788-7E02-443A-8FB4-B26D1FCBE6BE}.Debug|Any CPU.Build.0 = Debug|Any CPU
		{C2325788-7E02-443A-8FB4-B26D1FCBE6BE}.Release|Any CPU.ActiveCfg = Release|Any CPU
		{C2325788-7E02-443A-8FB4-B26D1FCBE6BE}.Release|Any CPU.Build.0 = Release|Any CPU
		{535C4365-FA76-4487-A340-9418BFF97BF5}.Debug|Any CPU.ActiveCfg = Debug|Any CPU
		{535C4365-FA76-4487-A340-9418BFF97BF5}.Debug|Any CPU.Build.0 = Debug|Any CPU
		{535C4365-FA76-4487-A340-9418BFF97BF5}.Release|Any CPU.ActiveCfg = Release|Any CPU
		{535C4365-FA76-4487-A340-9418BFF97BF5}.Release|Any CPU.Build.0 = Release|Any CPU
	EndGlobalSection
	GlobalSection(SolutionProperties) = preSolution
		HideSolutionNode = FALSE
	EndGlobalSection
	GlobalSection(ExtensibilityGlobals) = postSolution
		SolutionGuid = {6F2ACA11-4666-49FB-9C45-03B534DD94A6}
	EndGlobalSection
EndGlobal
